// !$*UTF8*$!
{
	archiveVersion = 1;
	classes = {
	};
	objectVersion = 56;
	objects = {

/* Begin PBXBuildFile section */
		E503A570298A64580041A3ED /* AppDelegate.swift in Sources */ = {isa = PBXBuildFile; fileRef = E503A56F298A64580041A3ED /* AppDelegate.swift */; };
		E503A572298A64580041A3ED /* SceneDelegate.swift in Sources */ = {isa = PBXBuildFile; fileRef = E503A571298A64580041A3ED /* SceneDelegate.swift */; };
		E503A574298A64580041A3ED /* ViewController.swift in Sources */ = {isa = PBXBuildFile; fileRef = E503A573298A64580041A3ED /* ViewController.swift */; };
		E503A577298A64580041A3ED /* Main.storyboard in Resources */ = {isa = PBXBuildFile; fileRef = E503A575298A64580041A3ED /* Main.storyboard */; };
		E503A579298A645B0041A3ED /* Assets.xcassets in Resources */ = {isa = PBXBuildFile; fileRef = E503A578298A645B0041A3ED /* Assets.xcassets */; };
		E503A57C298A645B0041A3ED /* LaunchScreen.storyboard in Resources */ = {isa = PBXBuildFile; fileRef = E503A57A298A645B0041A3ED /* LaunchScreen.storyboard */; };
		E503A589298A6C580041A3ED /* SKPager in Frameworks */ = {isa = PBXBuildFile; productRef = E503A588298A6C580041A3ED /* SKPager */; };
		E51E817129BF6805008CA453 /* SKBar in Frameworks */ = {isa = PBXBuildFile; productRef = E51E817029BF6805008CA453 /* SKBar */; };
/* End PBXBuildFile section */

/* Begin PBXFileReference section */
		E503A56C298A64580041A3ED /* SKPagerExample.app */ = {isa = PBXFileReference; explicitFileType = wrapper.application; includeInIndex = 0; path = SKPagerExample.app; sourceTree = BUILT_PRODUCTS_DIR; };
		E503A56F298A64580041A3ED /* AppDelegate.swift */ = {isa = PBXFileReference; lastKnownFileType = sourcecode.swift; path = AppDelegate.swift; sourceTree = "<group>"; };
		E503A571298A64580041A3ED /* SceneDelegate.swift */ = {isa = PBXFileReference; lastKnownFileType = sourcecode.swift; path = SceneDelegate.swift; sourceTree = "<group>"; };
		E503A573298A64580041A3ED /* ViewController.swift */ = {isa = PBXFileReference; lastKnownFileType = sourcecode.swift; path = ViewController.swift; sourceTree = "<group>"; };
		E503A576298A64580041A3ED /* Base */ = {isa = PBXFileReference; lastKnownFileType = file.storyboard; name = Base; path = Base.lproj/Main.storyboard; sourceTree = "<group>"; };
		E503A578298A645B0041A3ED /* Assets.xcassets */ = {isa = PBXFileReference; lastKnownFileType = folder.assetcatalog; path = Assets.xcassets; sourceTree = "<group>"; };
		E503A57B298A645B0041A3ED /* Base */ = {isa = PBXFileReference; lastKnownFileType = file.storyboard; name = Base; path = Base.lproj/LaunchScreen.storyboard; sourceTree = "<group>"; };
		E503A57D298A645B0041A3ED /* Info.plist */ = {isa = PBXFileReference; lastKnownFileType = text.plist.xml; path = Info.plist; sourceTree = "<group>"; };
		E503A586298A6C300041A3ED /* SKPager */ = {isa = PBXFileReference; lastKnownFileType = wrapper; name = SKPager; path = ..; sourceTree = "<group>"; };
/* End PBXFileReference section */

/* Begin PBXFrameworksBuildPhase section */
		E503A569298A64580041A3ED /* Frameworks */ = {
			isa = PBXFrameworksBuildPhase;
			buildActionMask = 2147483647;
			files = (
				E51E817129BF6805008CA453 /* SKBar in Frameworks */,
				E503A589298A6C580041A3ED /* SKPager in Frameworks */,
			);
			runOnlyForDeploymentPostprocessing = 0;
		};
/* End PBXFrameworksBuildPhase section */

/* Begin PBXGroup section */
		E503A563298A64580041A3ED = {
			isa = PBXGroup;
			children = (
				E503A56E298A64580041A3ED /* SKPagerExample */,
				E503A56D298A64580041A3ED /* Products */,
				E503A587298A6C580041A3ED /* Frameworks */,
			);
			sourceTree = "<group>";
		};
		E503A56D298A64580041A3ED /* Products */ = {
			isa = PBXGroup;
			children = (
				E503A56C298A64580041A3ED /* SKPagerExample.app */,
			);
			name = Products;
			sourceTree = "<group>";
		};
		E503A56E298A64580041A3ED /* SKPagerExample */ = {
			isa = PBXGroup;
			children = (
				E503A56F298A64580041A3ED /* AppDelegate.swift */,
				E503A571298A64580041A3ED /* SceneDelegate.swift */,
				E503A573298A64580041A3ED /* ViewController.swift */,
				E503A575298A64580041A3ED /* Main.storyboard */,
				E503A578298A645B0041A3ED /* Assets.xcassets */,
				E503A57A298A645B0041A3ED /* LaunchScreen.storyboard */,
				E503A57D298A645B0041A3ED /* Info.plist */,
			);
			path = SKPagerExample;
			sourceTree = "<group>";
		};
		E503A587298A6C580041A3ED /* Frameworks */ = {
			isa = PBXGroup;
			children = (
				E503A586298A6C300041A3ED /* SKPager */,
			);
			name = Frameworks;
			sourceTree = "<group>";
		};
/* End PBXGroup section */

/* Begin PBXNativeTarget section */
		E503A56B298A64580041A3ED /* SKPagerExample */ = {
			isa = PBXNativeTarget;
			buildConfigurationList = E503A580298A645B0041A3ED /* Build configuration list for PBXNativeTarget "SKPagerExample" */;
			buildPhases = (
				E503A568298A64580041A3ED /* Sources */,
				E503A569298A64580041A3ED /* Frameworks */,
				E503A56A298A64580041A3ED /* Resources */,
			);
			buildRules = (
			);
			dependencies = (
			);
			name = SKPagerExample;
			packageProductDependencies = (
				E503A588298A6C580041A3ED /* SKPager */,
				E51E817029BF6805008CA453 /* SKBar */,
			);
			productName = SKPagerExample;
			productReference = E503A56C298A64580041A3ED /* SKPagerExample.app */;
			productType = "com.apple.product-type.application";
		};
/* End PBXNativeTarget section */

/* Begin PBXProject section */
		E503A564298A64580041A3ED /* Project object */ = {
			isa = PBXProject;
			attributes = {
				BuildIndependentTargetsInParallel = 1;
				LastSwiftUpdateCheck = 1420;
				LastUpgradeCheck = 1420;
				TargetAttributes = {
					E503A56B298A64580041A3ED = {
						CreatedOnToolsVersion = 14.2;
					};
				};
			};
			buildConfigurationList = E503A567298A64580041A3ED /* Build configuration list for PBXProject "SKPagerExample" */;
			compatibilityVersion = "Xcode 14.0";
			developmentRegion = en;
			hasScannedForEncodings = 0;
			knownRegions = (
				en,
				Base,
			);
			mainGroup = E503A563298A64580041A3ED;
			packageReferences = (
				E51E816F29BF6805008CA453 /* XCRemoteSwiftPackageReference "SKBar" */,
			);
			productRefGroup = E503A56D298A64580041A3ED /* Products */;
			projectDirPath = "";
			projectRoot = "";
			targets = (
				E503A56B298A64580041A3ED /* SKPagerExample */,
			);
		};
/* End PBXProject section */

/* Begin PBXResourcesBuildPhase section */
		E503A56A298A64580041A3ED /* Resources */ = {
			isa = PBXResourcesBuildPhase;
			buildActionMask = 2147483647;
			files = (
				E503A57C298A645B0041A3ED /* LaunchScreen.storyboard in Resources */,
				E503A579298A645B0041A3ED /* Assets.xcassets in Resources */,
				E503A577298A64580041A3ED /* Main.storyboard in Resources */,
			);
			runOnlyForDeploymentPostprocessing = 0;
		};
/* End PBXResourcesBuildPhase section */

/* Begin PBXSourcesBuildPhase section */
		E503A568298A64580041A3ED /* Sources */ = {
			isa = PBXSourcesBuildPhase;
			buildActionMask = 2147483647;
			files = (
				E503A574298A64580041A3ED /* ViewController.swift in Sources */,
				E503A570298A64580041A3ED /* AppDelegate.swift in Sources */,
				E503A572298A64580041A3ED /* SceneDelegate.swift in Sources */,
			);
			runOnlyForDeploymentPostprocessing = 0;
		};
/* End PBXSourcesBuildPhase section */

/* Begin PBXVariantGroup section */
		E503A575298A64580041A3ED /* Main.storyboard */ = {
			isa = PBXVariantGroup;
			children = (
				E503A576298A64580041A3ED /* Base */,
			);
			name = Main.storyboard;
			sourceTree = "<group>";
		};
		E503A57A298A645B0041A3ED /* LaunchScreen.storyboard */ = {
			isa = PBXVariantGroup;
			children = (
				E503A57B298A645B0041A3ED /* Base */,
			);
			name = LaunchScreen.storyboard;
			sourceTree = "<group>";
		};
/* End PBXVariantGroup section */

/* Begin XCBuildConfiguration section */
		E503A57E298A645B0041A3ED /* Debug */ = {
			isa = XCBuildConfiguration;
			buildSettings = {
				ALWAYS_SEARCH_USER_PATHS = NO;
				CLANG_ANALYZER_NONNULL = YES;
				CLANG_ANALYZER_NUMBER_OBJECT_CONVERSION = YES_AGGRESSIVE;
				CLANG_CXX_LANGUAGE_STANDARD = "gnu++20";
				CLANG_ENABLE_MODULES = YES;
				CLANG_ENABLE_OBJC_ARC = YES;
				CLANG_ENABLE_OBJC_WEAK = YES;
				CLANG_WARN_BLOCK_CAPTURE_AUTORELEASING = YES;
				CLANG_WARN_BOOL_CONVERSION = YES;
				CLANG_WARN_COMMA = YES;
				CLANG_WARN_CONSTANT_CONVERSION = YES;
				CLANG_WARN_DEPRECATED_OBJC_IMPLEMENTATIONS = YES;
				CLANG_WARN_DIRECT_OBJC_ISA_USAGE = YES_ERROR;
				CLANG_WARN_DOCUMENTATION_COMMENTS = YES;
				CLANG_WARN_EMPTY_BODY = YES;
				CLANG_WARN_ENUM_CONVERSION = YES;
				CLANG_WARN_INFINITE_RECURSION = YES;
				CLANG_WARN_INT_CONVERSION = YES;
				CLANG_WARN_NON_LITERAL_NULL_CONVERSION = YES;
				CLANG_WARN_OBJC_IMPLICIT_RETAIN_SELF = YES;
				CLANG_WARN_OBJC_LITERAL_CONVERSION = YES;
				CLANG_WARN_OBJC_ROOT_CLASS = YES_ERROR;
				CLANG_WARN_QUOTED_INCLUDE_IN_FRAMEWORK_HEADER = YES;
				CLANG_WARN_RANGE_LOOP_ANALYSIS = YES;
				CLANG_WARN_STRICT_PROTOTYPES = YES;
				CLANG_WARN_SUSPICIOUS_MOVE = YES;
				CLANG_WARN_UNGUARDED_AVAILABILITY = YES_AGGRESSIVE;
				CLANG_WARN_UNREACHABLE_CODE = YES;
				CLANG_WARN__DUPLICATE_METHOD_MATCH = YES;
				COPY_PHASE_STRIP = NO;
				DEBUG_INFORMATION_FORMAT = dwarf;
				ENABLE_STRICT_OBJC_MSGSEND = YES;
				ENABLE_TESTABILITY = YES;
				GCC_C_LANGUAGE_STANDARD = gnu11;
				GCC_DYNAMIC_NO_PIC = NO;
				GCC_NO_COMMON_BLOCKS = YES;
				GCC_OPTIMIZATION_LEVEL = 0;
				GCC_PREPROCESSOR_DEFINITIONS = (
					"DEBUG=1",
					"$(inherited)",
				);
				GCC_WARN_64_TO_32_BIT_CONVERSION = YES;
				GCC_WARN_ABOUT_RETURN_TYPE = YES_ERROR;
				GCC_WARN_UNDECLARED_SELECTOR = YES;
				GCC_WARN_UNINITIALIZED_AUTOS = YES_AGGRESSIVE;
				GCC_WARN_UNUSED_FUNCTION = YES;
				GCC_WARN_UNUSED_VARIABLE = YES;
				IPHONEOS_DEPLOYMENT_TARGET = 16.2;
				MTL_ENABLE_DEBUG_INFO = INCLUDE_SOURCE;
				MTL_FAST_MATH = YES;
				ONLY_ACTIVE_ARCH = YES;
				SDKROOT = iphoneos;
				SWIFT_ACTIVE_COMPILATION_CONDITIONS = DEBUG;
				SWIFT_OPTIMIZATION_LEVEL = "-Onone";
			};
			name = Debug;
		};
		E503A57F298A645B0041A3ED /* Release */ = {
			isa = XCBuildConfiguration;
			buildSettings = {
				ALWAYS_SEARCH_USER_PATHS = NO;
				CLANG_ANALYZER_NONNULL = YES;
				CLANG_ANALYZER_NUMBER_OBJECT_CONVERSION = YES_AGGRESSIVE;
				CLANG_CXX_LANGUAGE_STANDARD = "gnu++20";
				CLANG_ENABLE_MODULES = YES;
				CLANG_ENABLE_OBJC_ARC = YES;
				CLANG_ENABLE_OBJC_WEAK = YES;
				CLANG_WARN_BLOCK_CAPTURE_AUTORELEASING = YES;
				CLANG_WARN_BOOL_CONVERSION = YES;
				CLANG_WARN_COMMA = YES;
				CLANG_WARN_CONSTANT_CONVERSION = YES;
				CLANG_WARN_DEPRECATED_OBJC_IMPLEMENTATIONS = YES;
				CLANG_WARN_DIRECT_OBJC_ISA_USAGE = YES_ERROR;
				CLANG_WARN_DOCUMENTATION_COMMENTS = YES;
				CLANG_WARN_EMPTY_BODY = YES;
				CLANG_WARN_ENUM_CONVERSION = YES;
				CLANG_WARN_INFINITE_RECURSION = YES;
				CLANG_WARN_INT_CONVERSION = YES;
				CLANG_WARN_NON_LITERAL_NULL_CONVERSION = YES;
				CLANG_WARN_OBJC_IMPLICIT_RETAIN_SELF = YES;
				CLANG_WARN_OBJC_LITERAL_CONVERSION = YES;
				CLANG_WARN_OBJC_ROOT_CLASS = YES_ERROR;
				CLANG_WARN_QUOTED_INCLUDE_IN_FRAMEWORK_HEADER = YES;
				CLANG_WARN_RANGE_LOOP_ANALYSIS = YES;
				CLANG_WARN_STRICT_PROTOTYPES = YES;
				CLANG_WARN_SUSPICIOUS_MOVE = YES;
				CLANG_WARN_UNGUARDED_AVAILABILITY = YES_AGGRESSIVE;
				CLANG_WARN_UNREACHABLE_CODE = YES;
				CLANG_WARN__DUPLICATE_METHOD_MATCH = YES;
				COPY_PHASE_STRIP = NO;
				DEBUG_INFORMATION_FORMAT = "dwarf-with-dsym";
				ENABLE_NS_ASSERTIONS = NO;
				ENABLE_STRICT_OBJC_MSGSEND = YES;
				GCC_C_LANGUAGE_STANDARD = gnu11;
				GCC_NO_COMMON_BLOCKS = YES;
				GCC_WARN_64_TO_32_BIT_CONVERSION = YES;
				GCC_WARN_ABOUT_RETURN_TYPE = YES_ERROR;
				GCC_WARN_UNDECLARED_SELECTOR = YES;
				GCC_WARN_UNINITIALIZED_AUTOS = YES_AGGRESSIVE;
				GCC_WARN_UNUSED_FUNCTION = YES;
				GCC_WARN_UNUSED_VARIABLE = YES;
				IPHONEOS_DEPLOYMENT_TARGET = 16.2;
				MTL_ENABLE_DEBUG_INFO = NO;
				MTL_FAST_MATH = YES;
				SDKROOT = iphoneos;
				SWIFT_COMPILATION_MODE = wholemodule;
				SWIFT_OPTIMIZATION_LEVEL = "-O";
				VALIDATE_PRODUCT = YES;
			};
			name = Release;
		};
		E503A581298A645B0041A3ED /* Debug */ = {
			isa = XCBuildConfiguration;
			buildSettings = {
				ASSETCATALOG_COMPILER_APPICON_NAME = AppIcon;
				ASSETCATALOG_COMPILER_GLOBAL_ACCENT_COLOR_NAME = AccentColor;
				CODE_SIGN_STYLE = Automatic;
				CURRENT_PROJECT_VERSION = 1;
				DEVELOPMENT_TEAM = G43DLT797F;
				GENERATE_INFOPLIST_FILE = YES;
				INFOPLIST_FILE = SKPagerExample/Info.plist;
				INFOPLIST_KEY_UIApplicationSupportsIndirectInputEvents = YES;
				INFOPLIST_KEY_UILaunchStoryboardName = LaunchScreen;
				INFOPLIST_KEY_UIMainStoryboardFile = Main;
				INFOPLIST_KEY_UISupportedInterfaceOrientations_iPad = "UIInterfaceOrientationPortrait UIInterfaceOrientationPortraitUpsideDown UIInterfaceOrientationLandscapeLeft UIInterfaceOrientationLandscapeRight";
				INFOPLIST_KEY_UISupportedInterfaceOrientations_iPhone = "UIInterfaceOrientationPortrait UIInterfaceOrientationLandscapeLeft UIInterfaceOrientationLandscapeRight";
				IPHONEOS_DEPLOYMENT_TARGET = 13.0;
				LD_RUNPATH_SEARCH_PATHS = (
					"$(inherited)",
					"@executable_path/Frameworks",
				);
				MARKETING_VERSION = 1.0;
				PRODUCT_BUNDLE_IDENTIFIER = com.swiftiny.SKPagerExample;
				PRODUCT_NAME = "$(TARGET_NAME)";
				SWIFT_EMIT_LOC_STRINGS = YES;
				SWIFT_VERSION = 5.0;
				TARGETED_DEVICE_FAMILY = "1,2";
			};
			name = Debug;
		};
		E503A582298A645B0041A3ED /* Release */ = {
			isa = XCBuildConfiguration;
			buildSettings = {
				ASSETCATALOG_COMPILER_APPICON_NAME = AppIcon;
				ASSETCATALOG_COMPILER_GLOBAL_ACCENT_COLOR_NAME = AccentColor;
				CODE_SIGN_STYLE = Automatic;
				CURRENT_PROJECT_VERSION = 1;
				DEVELOPMENT_TEAM = G43DLT797F;
				GENERATE_INFOPLIST_FILE = YES;
				INFOPLIST_FILE = SKPagerExample/Info.plist;
				INFOPLIST_KEY_UIApplicationSupportsIndirectInputEvents = YES;
				INFOPLIST_KEY_UILaunchStoryboardName = LaunchScreen;
				INFOPLIST_KEY_UIMainStoryboardFile = Main;
				INFOPLIST_KEY_UISupportedInterfaceOrientations_iPad = "UIInterfaceOrientationPortrait UIInterfaceOrientationPortraitUpsideDown UIInterfaceOrientationLandscapeLeft UIInterfaceOrientationLandscapeRight";
				INFOPLIST_KEY_UISupportedInterfaceOrientations_iPhone = "UIInterfaceOrientationPortrait UIInterfaceOrientationLandscapeLeft UIInterfaceOrientationLandscapeRight";
				IPHONEOS_DEPLOYMENT_TARGET = 13.0;
				LD_RUNPATH_SEARCH_PATHS = (
					"$(inherited)",
					"@executable_path/Frameworks",
				);
				MARKETING_VERSION = 1.0;
				PRODUCT_BUNDLE_IDENTIFIER = com.swiftiny.SKPagerExample;
				PRODUCT_NAME = "$(TARGET_NAME)";
				SWIFT_EMIT_LOC_STRINGS = YES;
				SWIFT_VERSION = 5.0;
				TARGETED_DEVICE_FAMILY = "1,2";
			};
			name = Release;
		};
/* End XCBuildConfiguration section */

/* Begin XCConfigurationList section */
		E503A567298A64580041A3ED /* Build configuration list for PBXProject "SKPagerExample" */ = {
			isa = XCConfigurationList;
			buildConfigurations = (
				E503A57E298A645B0041A3ED /* Debug */,
				E503A57F298A645B0041A3ED /* Release */,
			);
			defaultConfigurationIsVisible = 0;
			defaultConfigurationName = Release;
		};
		E503A580298A645B0041A3ED /* Build configuration list for PBXNativeTarget "SKPagerExample" */ = {
			isa = XCConfigurationList;
			buildConfigurations = (
				E503A581298A645B0041A3ED /* Debug */,
				E503A582298A645B0041A3ED /* Release */,
			);
			defaultConfigurationIsVisible = 0;
			defaultConfigurationName = Release;
		};
/* End XCConfigurationList section */

/* Begin XCRemoteSwiftPackageReference section */
		E51E816F29BF6805008CA453 /* XCRemoteSwiftPackageReference "SKBar" */ = {
			isa = XCRemoteSwiftPackageReference;
			repositoryURL = "https://github.com/srvarma7/SKBar.git";
			requirement = {
				kind = exactVersion;
				version = 1.0.2;
			};
		};
/* End XCRemoteSwiftPackageReference section */

/* Begin XCSwiftPackageProductDependency section */
		E503A588298A6C580041A3ED /* SKPager */ = {
			isa = XCSwiftPackageProductDependency;
			productName = SKPager;
		};
		E51E817029BF6805008CA453 /* SKBar */ = {
			isa = XCSwiftPackageProductDependency;
			package = E51E816F29BF6805008CA453 /* XCRemoteSwiftPackageReference "SKBar" */;
			productName = SKBar;
		};
/* End XCSwiftPackageProductDependency section */
	};
	rootObject = E503A564298A64580041A3ED /* Project object */;
}
